
Microsoft Visual Studio Solution File, Format Version 12.00
# Visual Studio Version 17
VisualStudioVersion = 17.3.32929.385
MinimumVisualStudioVersion = 10.0.40219.1
Project("{FAE04EC0-301F-11D3-BF4B-00C04F79EFBC}") = "frontendTR", "frontendTR.csproj", "{FC8914F4-6A8E-4534-AD4B-B76DF1EA5776}"
EndProject
Global
	GlobalSection(SolutionConfigurationPlatforms) = preSolution
		Debug|Any CPU = Debug|Any CPU
		Release|Any CPU = Release|Any CPU
	EndGlobalSection
	GlobalSection(ProjectConfigurationPlatforms) = postSolution
		{FC8914F4-6A8E-4534-AD4B-B76DF1EA5776}.Debug|Any CPU.ActiveCfg = Debug|Any CPU
		{FC8914F4-6A8E-4534-AD4B-B76DF1EA5776}.Debug|Any CPU.Build.0 = Debug|Any CPU
		{FC8914F4-6A8E-4534-AD4B-B76DF1EA5776}.Release|Any CPU.ActiveCfg = Release|Any CPU
		{FC8914F4-6A8E-4534-AD4B-B76DF1EA5776}.Release|Any CPU.Build.0 = Release|Any CPU
	EndGlobalSection
	GlobalSection(SolutionProperties) = preSolution
		HideSolutionNode = FALSE
	EndGlobalSection
	GlobalSection(ExtensibilityGlobals) = postSolution
		SolutionGuid = {6872B674-3A1A-4DD4-809E-7FEBAF87BAB3}
	EndGlobalSection
EndGlobal
